// !$*UTF8*$!
{
	archiveVersion = 1;
	classes = {
	};
	objectVersion = 50;
	objects = {

/* Begin PBXBuildFile section */
		7D23DDEF21FF008A00955AB7 /* AppDelegate.swift in Sources */ = {isa = PBXBuildFile; fileRef = 7D23DDEE21FF008A00955AB7 /* AppDelegate.swift */; };
		7D23DDF121FF008A00955AB7 /* LoginViewController.swift in Sources */ = {isa = PBXBuildFile; fileRef = 7D23DDF021FF008A00955AB7 /* LoginViewController.swift */; };
		7D23DDF421FF008A00955AB7 /* Main.storyboard in Resources */ = {isa = PBXBuildFile; fileRef = 7D23DDF221FF008A00955AB7 /* Main.storyboard */; };
		7D23DDF621FF008C00955AB7 /* Assets.xcassets in Resources */ = {isa = PBXBuildFile; fileRef = 7D23DDF521FF008C00955AB7 /* Assets.xcassets */; };
		7D23DDF921FF008C00955AB7 /* LaunchScreen.storyboard in Resources */ = {isa = PBXBuildFile; fileRef = 7D23DDF721FF008C00955AB7 /* LaunchScreen.storyboard */; };
		7D23DE0D21FF121100955AB7 /* ButtonEnablingBehavior.swift in Sources */ = {isa = PBXBuildFile; fileRef = 7D23DE0C21FF121100955AB7 /* ButtonEnablingBehavior.swift */; };
		7D23DE1121FF239800955AB7 /* UIButton+Extensions.swift in Sources */ = {isa = PBXBuildFile; fileRef = 7D23DE1021FF239800955AB7 /* UIButton+Extensions.swift */; };
		7D23DE1321FF347000955AB7 /* ListViewController.swift in Sources */ = {isa = PBXBuildFile; fileRef = 7D23DE1221FF347000955AB7 /* ListViewController.swift */; };
		7D23DE1621FF64E100955AB7 /* LoginRequest.swift in Sources */ = {isa = PBXBuildFile; fileRef = 7D23DE1521FF64E100955AB7 /* LoginRequest.swift */; };
		7D23DE1821FF652E00955AB7 /* URLRequest.swift in Sources */ = {isa = PBXBuildFile; fileRef = 7D23DE1721FF652E00955AB7 /* URLRequest.swift */; };
		7D23DE1A21FF693400955AB7 /* Result.swift in Sources */ = {isa = PBXBuildFile; fileRef = 7D23DE1921FF693400955AB7 /* Result.swift */; };
		7D23DE1C21FF695D00955AB7 /* HTTPURLResponse.swift in Sources */ = {isa = PBXBuildFile; fileRef = 7D23DE1B21FF695D00955AB7 /* HTTPURLResponse.swift */; };
		7D23DE1E21FF697800955AB7 /* ResponseError.swift in Sources */ = {isa = PBXBuildFile; fileRef = 7D23DE1D21FF697800955AB7 /* ResponseError.swift */; };
		7D23DE2021FF6AD200955AB7 /* AlertDisplayer.swift in Sources */ = {isa = PBXBuildFile; fileRef = 7D23DE1F21FF6AD200955AB7 /* AlertDisplayer.swift */; };
		7D23DE2221FF6B1300955AB7 /* LoginViewModel.swift in Sources */ = {isa = PBXBuildFile; fileRef = 7D23DE2121FF6B1300955AB7 /* LoginViewModel.swift */; };
		7D23DE2521FF6FED00955AB7 /* AlarStudiosLogin.swift in Sources */ = {isa = PBXBuildFile; fileRef = 7D23DE2421FF6FED00955AB7 /* AlarStudiosLogin.swift */; };
		7D23DE2721FF70DE00955AB7 /* LoginResponse.swift in Sources */ = {isa = PBXBuildFile; fileRef = 7D23DE2621FF70DE00955AB7 /* LoginResponse.swift */; };
		7D23DE2B21FF837400955AB7 /* AlarStudiosClient.swift in Sources */ = {isa = PBXBuildFile; fileRef = 7D23DE2A21FF837400955AB7 /* AlarStudiosClient.swift */; };
		7D23DE2D21FF839A00955AB7 /* PagedDataResponse.swift in Sources */ = {isa = PBXBuildFile; fileRef = 7D23DE2C21FF839A00955AB7 /* PagedDataResponse.swift */; };
		7D23DE2F21FF840100955AB7 /* DataRequest.swift in Sources */ = {isa = PBXBuildFile; fileRef = 7D23DE2E21FF840100955AB7 /* DataRequest.swift */; };
		7D23DE3221FF8AD400955AB7 /* Airport.swift in Sources */ = {isa = PBXBuildFile; fileRef = 7D23DE3121FF8AD400955AB7 /* Airport.swift */; };
		7D3D256C221BC9A800905C63 /* TestTaskAlarStudiosTests.swift in Sources */ = {isa = PBXBuildFile; fileRef = 7D3D256B221BC9A800905C63 /* TestTaskAlarStudiosTests.swift */; };
		7D53766622000ED100AFD706 /* DataViewModel.swift in Sources */ = {isa = PBXBuildFile; fileRef = 7D53766522000ED100AFD706 /* DataViewModel.swift */; };
		7D5376682200166F00AFD706 /* DataTableViewCell.swift in Sources */ = {isa = PBXBuildFile; fileRef = 7D5376672200166F00AFD706 /* DataTableViewCell.swift */; };
		7D53766A2200827000AFD706 /* UIImageView+Extensions.swift in Sources */ = {isa = PBXBuildFile; fileRef = 7D5376692200827000AFD706 /* UIImageView+Extensions.swift */; };
		7D53766C2200C71600AFD706 /* DetailViewController.swift in Sources */ = {isa = PBXBuildFile; fileRef = 7D53766B2200C71600AFD706 /* DetailViewController.swift */; };
/* End PBXBuildFile section */

/* Begin PBXContainerItemProxy section */
		7D3D256E221BC9A800905C63 /* PBXContainerItemProxy */ = {
			isa = PBXContainerItemProxy;
			containerPortal = 7D23DDE321FF008A00955AB7 /* Project object */;
			proxyType = 1;
			remoteGlobalIDString = 7D23DDEA21FF008A00955AB7;
			remoteInfo = TestTaskAlarStudios;
		};
/* End PBXContainerItemProxy section */

/* Begin PBXFileReference section */
		7D23DDEB21FF008A00955AB7 /* TestTaskAlarStudios.app */ = {isa = PBXFileReference; explicitFileType = wrapper.application; includeInIndex = 0; path = TestTaskAlarStudios.app; sourceTree = BUILT_PRODUCTS_DIR; };
		7D23DDEE21FF008A00955AB7 /* AppDelegate.swift */ = {isa = PBXFileReference; lastKnownFileType = sourcecode.swift; path = AppDelegate.swift; sourceTree = "<group>"; };
		7D23DDF021FF008A00955AB7 /* LoginViewController.swift */ = {isa = PBXFileReference; lastKnownFileType = sourcecode.swift; path = LoginViewController.swift; sourceTree = "<group>"; };
		7D23DDF321FF008A00955AB7 /* Base */ = {isa = PBXFileReference; lastKnownFileType = file.storyboard; name = Base; path = Base.lproj/Main.storyboard; sourceTree = "<group>"; };
		7D23DDF521FF008C00955AB7 /* Assets.xcassets */ = {isa = PBXFileReference; lastKnownFileType = folder.assetcatalog; path = Assets.xcassets; sourceTree = "<group>"; };
		7D23DDF821FF008C00955AB7 /* Base */ = {isa = PBXFileReference; lastKnownFileType = file.storyboard; name = Base; path = Base.lproj/LaunchScreen.storyboard; sourceTree = "<group>"; };
		7D23DDFA21FF008C00955AB7 /* Info.plist */ = {isa = PBXFileReference; lastKnownFileType = text.plist.xml; path = Info.plist; sourceTree = "<group>"; };
		7D23DE0C21FF121100955AB7 /* ButtonEnablingBehavior.swift */ = {isa = PBXFileReference; lastKnownFileType = sourcecode.swift; path = ButtonEnablingBehavior.swift; sourceTree = "<group>"; };
		7D23DE1021FF239800955AB7 /* UIButton+Extensions.swift */ = {isa = PBXFileReference; lastKnownFileType = sourcecode.swift; path = "UIButton+Extensions.swift"; sourceTree = "<group>"; };
		7D23DE1221FF347000955AB7 /* ListViewController.swift */ = {isa = PBXFileReference; lastKnownFileType = sourcecode.swift; path = ListViewController.swift; sourceTree = "<group>"; };
		7D23DE1521FF64E100955AB7 /* LoginRequest.swift */ = {isa = PBXFileReference; lastKnownFileType = sourcecode.swift; path = LoginRequest.swift; sourceTree = "<group>"; };
		7D23DE1721FF652E00955AB7 /* URLRequest.swift */ = {isa = PBXFileReference; lastKnownFileType = sourcecode.swift; path = URLRequest.swift; sourceTree = "<group>"; };
		7D23DE1921FF693400955AB7 /* Result.swift */ = {isa = PBXFileReference; lastKnownFileType = sourcecode.swift; path = Result.swift; sourceTree = "<group>"; };
		7D23DE1B21FF695D00955AB7 /* HTTPURLResponse.swift */ = {isa = PBXFileReference; lastKnownFileType = sourcecode.swift; path = HTTPURLResponse.swift; sourceTree = "<group>"; };
		7D23DE1D21FF697800955AB7 /* ResponseError.swift */ = {isa = PBXFileReference; lastKnownFileType = sourcecode.swift; path = ResponseError.swift; sourceTree = "<group>"; };
		7D23DE1F21FF6AD200955AB7 /* AlertDisplayer.swift */ = {isa = PBXFileReference; lastKnownFileType = sourcecode.swift; path = AlertDisplayer.swift; sourceTree = "<group>"; };
		7D23DE2121FF6B1300955AB7 /* LoginViewModel.swift */ = {isa = PBXFileReference; lastKnownFileType = sourcecode.swift; path = LoginViewModel.swift; sourceTree = "<group>"; };
		7D23DE2421FF6FED00955AB7 /* AlarStudiosLogin.swift */ = {isa = PBXFileReference; lastKnownFileType = sourcecode.swift; path = AlarStudiosLogin.swift; sourceTree = "<group>"; };
		7D23DE2621FF70DE00955AB7 /* LoginResponse.swift */ = {isa = PBXFileReference; lastKnownFileType = sourcecode.swift; path = LoginResponse.swift; sourceTree = "<group>"; };
		7D23DE2A21FF837400955AB7 /* AlarStudiosClient.swift */ = {isa = PBXFileReference; lastKnownFileType = sourcecode.swift; path = AlarStudiosClient.swift; sourceTree = "<group>"; };
		7D23DE2C21FF839A00955AB7 /* PagedDataResponse.swift */ = {isa = PBXFileReference; lastKnownFileType = sourcecode.swift; path = PagedDataResponse.swift; sourceTree = "<group>"; };
		7D23DE2E21FF840100955AB7 /* DataRequest.swift */ = {isa = PBXFileReference; lastKnownFileType = sourcecode.swift; path = DataRequest.swift; sourceTree = "<group>"; };
		7D23DE3121FF8AD400955AB7 /* Airport.swift */ = {isa = PBXFileReference; lastKnownFileType = sourcecode.swift; path = Airport.swift; sourceTree = "<group>"; };
		7D3D2569221BC9A800905C63 /* TestTaskAlarStudiosTests.xctest */ = {isa = PBXFileReference; explicitFileType = wrapper.cfbundle; includeInIndex = 0; path = TestTaskAlarStudiosTests.xctest; sourceTree = BUILT_PRODUCTS_DIR; };
		7D3D256B221BC9A800905C63 /* TestTaskAlarStudiosTests.swift */ = {isa = PBXFileReference; lastKnownFileType = sourcecode.swift; path = TestTaskAlarStudiosTests.swift; sourceTree = "<group>"; };
		7D3D256D221BC9A800905C63 /* Info.plist */ = {isa = PBXFileReference; lastKnownFileType = text.plist.xml; path = Info.plist; sourceTree = "<group>"; };
		7D53766522000ED100AFD706 /* DataViewModel.swift */ = {isa = PBXFileReference; lastKnownFileType = sourcecode.swift; path = DataViewModel.swift; sourceTree = "<group>"; };
		7D5376672200166F00AFD706 /* DataTableViewCell.swift */ = {isa = PBXFileReference; lastKnownFileType = sourcecode.swift; path = DataTableViewCell.swift; sourceTree = "<group>"; };
		7D5376692200827000AFD706 /* UIImageView+Extensions.swift */ = {isa = PBXFileReference; lastKnownFileType = sourcecode.swift; path = "UIImageView+Extensions.swift"; sourceTree = "<group>"; };
		7D53766B2200C71600AFD706 /* DetailViewController.swift */ = {isa = PBXFileReference; lastKnownFileType = sourcecode.swift; path = DetailViewController.swift; sourceTree = "<group>"; };
/* End PBXFileReference section */

/* Begin PBXFrameworksBuildPhase section */
		7D23DDE821FF008A00955AB7 /* Frameworks */ = {
			isa = PBXFrameworksBuildPhase;
			buildActionMask = 2147483647;
			files = (
			);
			runOnlyForDeploymentPostprocessing = 0;
		};
		7D3D2566221BC9A800905C63 /* Frameworks */ = {
			isa = PBXFrameworksBuildPhase;
			buildActionMask = 2147483647;
			files = (
			);
			runOnlyForDeploymentPostprocessing = 0;
		};
/* End PBXFrameworksBuildPhase section */

/* Begin PBXGroup section */
		7D23DDE221FF008A00955AB7 = {
			isa = PBXGroup;
			children = (
				7D23DDED21FF008A00955AB7 /* TestTaskAlarStudios */,
				7D3D256A221BC9A800905C63 /* TestTaskAlarStudiosTests */,
				7D23DDEC21FF008A00955AB7 /* Products */,
			);
			sourceTree = "<group>";
		};
		7D23DDEC21FF008A00955AB7 /* Products */ = {
			isa = PBXGroup;
			children = (
				7D23DDEB21FF008A00955AB7 /* TestTaskAlarStudios.app */,
				7D3D2569221BC9A800905C63 /* TestTaskAlarStudiosTests.xctest */,
			);
			name = Products;
			sourceTree = "<group>";
		};
		7D23DDED21FF008A00955AB7 /* TestTaskAlarStudios */ = {
			isa = PBXGroup;
			children = (
				7D23DDFA21FF008C00955AB7 /* Info.plist */,
				7D23DE0B21FF11FD00955AB7 /* Behaviors */,
				7D23DE0221FF01C600955AB7 /* Controllers */,
				7D23DE0521FF046F00955AB7 /* Extensions */,
				7D23DE1421FF64BA00955AB7 /* Networking */,
				7D23DE0021FF018F00955AB7 /* Resources */,
				7D23DE2321FF6B1E00955AB7 /* ViewModels */,
				7D23DE0121FF019F00955AB7 /* Views */,
			);
			path = TestTaskAlarStudios;
			sourceTree = "<group>";
		};
		7D23DE0021FF018F00955AB7 /* Resources */ = {
			isa = PBXGroup;
			children = (
				7D23DDEE21FF008A00955AB7 /* AppDelegate.swift */,
				7D23DDF521FF008C00955AB7 /* Assets.xcassets */,
				7D23DDF721FF008C00955AB7 /* LaunchScreen.storyboard */,
			);
			path = Resources;
			sourceTree = "<group>";
		};
		7D23DE0121FF019F00955AB7 /* Views */ = {
			isa = PBXGroup;
			children = (
				7D23DDF221FF008A00955AB7 /* Main.storyboard */,
			);
			path = Views;
			sourceTree = "<group>";
		};
		7D23DE0221FF01C600955AB7 /* Controllers */ = {
			isa = PBXGroup;
			children = (
				7D5376672200166F00AFD706 /* DataTableViewCell.swift */,
				7D53766B2200C71600AFD706 /* DetailViewController.swift */,
				7D23DE1221FF347000955AB7 /* ListViewController.swift */,
				7D23DDF021FF008A00955AB7 /* LoginViewController.swift */,
			);
			path = Controllers;
			sourceTree = "<group>";
		};
		7D23DE0521FF046F00955AB7 /* Extensions */ = {
			isa = PBXGroup;
			children = (
				7D23DE1F21FF6AD200955AB7 /* AlertDisplayer.swift */,
				7D23DE1021FF239800955AB7 /* UIButton+Extensions.swift */,
				7D5376692200827000AFD706 /* UIImageView+Extensions.swift */,
			);
			path = Extensions;
			sourceTree = "<group>";
		};
		7D23DE0B21FF11FD00955AB7 /* Behaviors */ = {
			isa = PBXGroup;
			children = (
				7D23DE0C21FF121100955AB7 /* ButtonEnablingBehavior.swift */,
			);
			path = Behaviors;
			sourceTree = "<group>";
		};
		7D23DE1421FF64BA00955AB7 /* Networking */ = {
			isa = PBXGroup;
			children = (
				7D23DE2921FF835E00955AB7 /* Data */,
				7D23DE1D21FF697800955AB7 /* ResponseError.swift */,
				7D23DE1B21FF695D00955AB7 /* HTTPURLResponse.swift */,
				7D23DE2821FF730400955AB7 /* Login */,
				7D23DE3021FF899500955AB7 /* Model */,
				7D23DE1921FF693400955AB7 /* Result.swift */,
				7D23DE1721FF652E00955AB7 /* URLRequest.swift */,
			);
			path = Networking;
			sourceTree = "<group>";
		};
		7D23DE2321FF6B1E00955AB7 /* ViewModels */ = {
			isa = PBXGroup;
			children = (
				7D23DE2121FF6B1300955AB7 /* LoginViewModel.swift */,
				7D53766522000ED100AFD706 /* DataViewModel.swift */,
			);
			path = ViewModels;
			sourceTree = "<group>";
		};
		7D23DE2821FF730400955AB7 /* Login */ = {
			isa = PBXGroup;
			children = (
				7D23DE2421FF6FED00955AB7 /* AlarStudiosLogin.swift */,
				7D23DE2621FF70DE00955AB7 /* LoginResponse.swift */,
				7D23DE1521FF64E100955AB7 /* LoginRequest.swift */,
			);
			path = Login;
			sourceTree = "<group>";
		};
		7D23DE2921FF835E00955AB7 /* Data */ = {
			isa = PBXGroup;
			children = (
				7D23DE2A21FF837400955AB7 /* AlarStudiosClient.swift */,
				7D23DE2E21FF840100955AB7 /* DataRequest.swift */,
				7D23DE2C21FF839A00955AB7 /* PagedDataResponse.swift */,
			);
			path = Data;
			sourceTree = "<group>";
		};
		7D23DE3021FF899500955AB7 /* Model */ = {
			isa = PBXGroup;
			children = (
				7D23DE3121FF8AD400955AB7 /* Airport.swift */,
			);
			path = Model;
			sourceTree = "<group>";
		};
		7D3D256A221BC9A800905C63 /* TestTaskAlarStudiosTests */ = {
			isa = PBXGroup;
			children = (
				7D3D256B221BC9A800905C63 /* TestTaskAlarStudiosTests.swift */,
				7D3D256D221BC9A800905C63 /* Info.plist */,
			);
			path = TestTaskAlarStudiosTests;
			sourceTree = "<group>";
		};
/* End PBXGroup section */

/* Begin PBXNativeTarget section */
		7D23DDEA21FF008A00955AB7 /* TestTaskAlarStudios */ = {
			isa = PBXNativeTarget;
			buildConfigurationList = 7D23DDFD21FF008C00955AB7 /* Build configuration list for PBXNativeTarget "TestTaskAlarStudios" */;
			buildPhases = (
				7D23DDE721FF008A00955AB7 /* Sources */,
				7D23DDE821FF008A00955AB7 /* Frameworks */,
				7D23DDE921FF008A00955AB7 /* Resources */,
			);
			buildRules = (
			);
			dependencies = (
			);
			name = TestTaskAlarStudios;
			productName = TestTaskAlarStudios;
			productReference = 7D23DDEB21FF008A00955AB7 /* TestTaskAlarStudios.app */;
			productType = "com.apple.product-type.application";
		};
		7D3D2568221BC9A800905C63 /* TestTaskAlarStudiosTests */ = {
			isa = PBXNativeTarget;
			buildConfigurationList = 7D3D2572221BC9A800905C63 /* Build configuration list for PBXNativeTarget "TestTaskAlarStudiosTests" */;
			buildPhases = (
				7D3D2565221BC9A800905C63 /* Sources */,
				7D3D2566221BC9A800905C63 /* Frameworks */,
				7D3D2567221BC9A800905C63 /* Resources */,
			);
			buildRules = (
			);
			dependencies = (
				7D3D256F221BC9A800905C63 /* PBXTargetDependency */,
			);
			name = TestTaskAlarStudiosTests;
			productName = TestTaskAlarStudiosTests;
			productReference = 7D3D2569221BC9A800905C63 /* TestTaskAlarStudiosTests.xctest */;
			productType = "com.apple.product-type.bundle.unit-test";
		};
/* End PBXNativeTarget section */

/* Begin PBXProject section */
		7D23DDE321FF008A00955AB7 /* Project object */ = {
			isa = PBXProject;
			attributes = {
				LastSwiftUpdateCheck = 1010;
				LastUpgradeCheck = 1000;
				ORGANIZATIONNAME = varton;
				TargetAttributes = {
					7D23DDEA21FF008A00955AB7 = {
						CreatedOnToolsVersion = 10.0;
					};
					7D3D2568221BC9A800905C63 = {
						CreatedOnToolsVersion = 10.1;
						TestTargetID = 7D23DDEA21FF008A00955AB7;
					};
				};
			};
			buildConfigurationList = 7D23DDE621FF008A00955AB7 /* Build configuration list for PBXProject "TestTaskAlarStudios" */;
			compatibilityVersion = "Xcode 9.3";
			developmentRegion = en;
			hasScannedForEncodings = 0;
			knownRegions = (
				en,
				Base,
			);
			mainGroup = 7D23DDE221FF008A00955AB7;
			productRefGroup = 7D23DDEC21FF008A00955AB7 /* Products */;
			projectDirPath = "";
			projectRoot = "";
			targets = (
				7D23DDEA21FF008A00955AB7 /* TestTaskAlarStudios */,
				7D3D2568221BC9A800905C63 /* TestTaskAlarStudiosTests */,
			);
		};
/* End PBXProject section */

/* Begin PBXResourcesBuildPhase section */
		7D23DDE921FF008A00955AB7 /* Resources */ = {
			isa = PBXResourcesBuildPhase;
			buildActionMask = 2147483647;
			files = (
				7D23DDF921FF008C00955AB7 /* LaunchScreen.storyboard in Resources */,
				7D23DDF621FF008C00955AB7 /* Assets.xcassets in Resources */,
				7D23DDF421FF008A00955AB7 /* Main.storyboard in Resources */,
			);
			runOnlyForDeploymentPostprocessing = 0;
		};
		7D3D2567221BC9A800905C63 /* Resources */ = {
			isa = PBXResourcesBuildPhase;
			buildActionMask = 2147483647;
			files = (
			);
			runOnlyForDeploymentPostprocessing = 0;
		};
/* End PBXResourcesBuildPhase section */

/* Begin PBXSourcesBuildPhase section */
		7D23DDE721FF008A00955AB7 /* Sources */ = {
			isa = PBXSourcesBuildPhase;
			buildActionMask = 2147483647;
			files = (
				7D23DE2021FF6AD200955AB7 /* AlertDisplayer.swift in Sources */,
				7D23DE1A21FF693400955AB7 /* Result.swift in Sources */,
				7D53766A2200827000AFD706 /* UIImageView+Extensions.swift in Sources */,
				7D23DE1C21FF695D00955AB7 /* HTTPURLResponse.swift in Sources */,
				7D53766622000ED100AFD706 /* DataViewModel.swift in Sources */,
				7D23DE0D21FF121100955AB7 /* ButtonEnablingBehavior.swift in Sources */,
				7D23DE2B21FF837400955AB7 /* AlarStudiosClient.swift in Sources */,
				7D23DE1321FF347000955AB7 /* ListViewController.swift in Sources */,
				7D23DDF121FF008A00955AB7 /* LoginViewController.swift in Sources */,
				7D23DE1E21FF697800955AB7 /* ResponseError.swift in Sources */,
				7D23DE2F21FF840100955AB7 /* DataRequest.swift in Sources */,
				7D53766C2200C71600AFD706 /* DetailViewController.swift in Sources */,
				7D23DE2221FF6B1300955AB7 /* LoginViewModel.swift in Sources */,
				7D23DE1121FF239800955AB7 /* UIButton+Extensions.swift in Sources */,
				7D23DE1621FF64E100955AB7 /* LoginRequest.swift in Sources */,
				7D23DDEF21FF008A00955AB7 /* AppDelegate.swift in Sources */,
				7D23DE2521FF6FED00955AB7 /* AlarStudiosLogin.swift in Sources */,
				7D23DE1821FF652E00955AB7 /* URLRequest.swift in Sources */,
				7D23DE3221FF8AD400955AB7 /* Airport.swift in Sources */,
				7D23DE2721FF70DE00955AB7 /* LoginResponse.swift in Sources */,
				7D5376682200166F00AFD706 /* DataTableViewCell.swift in Sources */,
				7D23DE2D21FF839A00955AB7 /* PagedDataResponse.swift in Sources */,
			);
			runOnlyForDeploymentPostprocessing = 0;
		};
		7D3D2565221BC9A800905C63 /* Sources */ = {
			isa = PBXSourcesBuildPhase;
			buildActionMask = 2147483647;
			files = (
				7D3D256C221BC9A800905C63 /* TestTaskAlarStudiosTests.swift in Sources */,
			);
			runOnlyForDeploymentPostprocessing = 0;
		};
/* End PBXSourcesBuildPhase section */

/* Begin PBXTargetDependency section */
		7D3D256F221BC9A800905C63 /* PBXTargetDependency */ = {
			isa = PBXTargetDependency;
			target = 7D23DDEA21FF008A00955AB7 /* TestTaskAlarStudios */;
			targetProxy = 7D3D256E221BC9A800905C63 /* PBXContainerItemProxy */;
		};
/* End PBXTargetDependency section */

/* Begin PBXVariantGroup section */
		7D23DDF221FF008A00955AB7 /* Main.storyboard */ = {
			isa = PBXVariantGroup;
			children = (
				7D23DDF321FF008A00955AB7 /* Base */,
			);
			name = Main.storyboard;
			sourceTree = "<group>";
		};
		7D23DDF721FF008C00955AB7 /* LaunchScreen.storyboard */ = {
			isa = PBXVariantGroup;
			children = (
				7D23DDF821FF008C00955AB7 /* Base */,
			);
			name = LaunchScreen.storyboard;
			sourceTree = "<group>";
		};
/* End PBXVariantGroup section */

/* Begin XCBuildConfiguration section */
		7D23DDFB21FF008C00955AB7 /* Debug */ = {
			isa = XCBuildConfiguration;
			buildSettings = {
				ALWAYS_SEARCH_USER_PATHS = NO;
				CLANG_ANALYZER_NONNULL = YES;
				CLANG_ANALYZER_NUMBER_OBJECT_CONVERSION = YES_AGGRESSIVE;
				CLANG_CXX_LANGUAGE_STANDARD = "gnu++14";
				CLANG_CXX_LIBRARY = "libc++";
				CLANG_ENABLE_MODULES = YES;
				CLANG_ENABLE_OBJC_ARC = YES;
				CLANG_ENABLE_OBJC_WEAK = YES;
				CLANG_WARN_BLOCK_CAPTURE_AUTORELEASING = YES;
				CLANG_WARN_BOOL_CONVERSION = YES;
				CLANG_WARN_COMMA = YES;
				CLANG_WARN_CONSTANT_CONVERSION = YES;
				CLANG_WARN_DEPRECATED_OBJC_IMPLEMENTATIONS = YES;
				CLANG_WARN_DIRECT_OBJC_ISA_USAGE = YES_ERROR;
				CLANG_WARN_DOCUMENTATION_COMMENTS = YES;
				CLANG_WARN_EMPTY_BODY = YES;
				CLANG_WARN_ENUM_CONVERSION = YES;
				CLANG_WARN_INFINITE_RECURSION = YES;
				CLANG_WARN_INT_CONVERSION = YES;
				CLANG_WARN_NON_LITERAL_NULL_CONVERSION = YES;
				CLANG_WARN_OBJC_IMPLICIT_RETAIN_SELF = YES;
				CLANG_WARN_OBJC_LITERAL_CONVERSION = YES;
				CLANG_WARN_OBJC_ROOT_CLASS = YES_ERROR;
				CLANG_WARN_RANGE_LOOP_ANALYSIS = YES;
				CLANG_WARN_STRICT_PROTOTYPES = YES;
				CLANG_WARN_SUSPICIOUS_MOVE = YES;
				CLANG_WARN_UNGUARDED_AVAILABILITY = YES_AGGRESSIVE;
				CLANG_WARN_UNREACHABLE_CODE = YES;
				CLANG_WARN__DUPLICATE_METHOD_MATCH = YES;
				CODE_SIGN_IDENTITY = "iPhone Developer";
				COPY_PHASE_STRIP = NO;
				DEBUG_INFORMATION_FORMAT = dwarf;
				ENABLE_STRICT_OBJC_MSGSEND = YES;
				ENABLE_TESTABILITY = YES;
				GCC_C_LANGUAGE_STANDARD = gnu11;
				GCC_DYNAMIC_NO_PIC = NO;
				GCC_NO_COMMON_BLOCKS = YES;
				GCC_OPTIMIZATION_LEVEL = 0;
				GCC_PREPROCESSOR_DEFINITIONS = (
					"DEBUG=1",
					"$(inherited)",
				);
				GCC_WARN_64_TO_32_BIT_CONVERSION = YES;
				GCC_WARN_ABOUT_RETURN_TYPE = YES_ERROR;
				GCC_WARN_UNDECLARED_SELECTOR = YES;
				GCC_WARN_UNINITIALIZED_AUTOS = YES_AGGRESSIVE;
				GCC_WARN_UNUSED_FUNCTION = YES;
				GCC_WARN_UNUSED_VARIABLE = YES;
				IPHONEOS_DEPLOYMENT_TARGET = 10.1;
				MTL_ENABLE_DEBUG_INFO = INCLUDE_SOURCE;
				MTL_FAST_MATH = YES;
				ONLY_ACTIVE_ARCH = YES;
				SDKROOT = iphoneos;
				SWIFT_ACTIVE_COMPILATION_CONDITIONS = DEBUG;
				SWIFT_OPTIMIZATION_LEVEL = "-Onone";
			};
			name = Debug;
		};
		7D23DDFC21FF008C00955AB7 /* Release */ = {
			isa = XCBuildConfiguration;
			buildSettings = {
				ALWAYS_SEARCH_USER_PATHS = NO;
				CLANG_ANALYZER_NONNULL = YES;
				CLANG_ANALYZER_NUMBER_OBJECT_CONVERSION = YES_AGGRESSIVE;
				CLANG_CXX_LANGUAGE_STANDARD = "gnu++14";
				CLANG_CXX_LIBRARY = "libc++";
				CLANG_ENABLE_MODULES = YES;
				CLANG_ENABLE_OBJC_ARC = YES;
				CLANG_ENABLE_OBJC_WEAK = YES;
				CLANG_WARN_BLOCK_CAPTURE_AUTORELEASING = YES;
				CLANG_WARN_BOOL_CONVERSION = YES;
				CLANG_WARN_COMMA = YES;
				CLANG_WARN_CONSTANT_CONVERSION = YES;
				CLANG_WARN_DEPRECATED_OBJC_IMPLEMENTATIONS = YES;
				CLANG_WARN_DIRECT_OBJC_ISA_USAGE = YES_ERROR;
				CLANG_WARN_DOCUMENTATION_COMMENTS = YES;
				CLANG_WARN_EMPTY_BODY = YES;
				CLANG_WARN_ENUM_CONVERSION = YES;
				CLANG_WARN_INFINITE_RECURSION = YES;
				CLANG_WARN_INT_CONVERSION = YES;
				CLANG_WARN_NON_LITERAL_NULL_CONVERSION = YES;
				CLANG_WARN_OBJC_IMPLICIT_RETAIN_SELF = YES;
				CLANG_WARN_OBJC_LITERAL_CONVERSION = YES;
				CLANG_WARN_OBJC_ROOT_CLASS = YES_ERROR;
				CLANG_WARN_RANGE_LOOP_ANALYSIS = YES;
				CLANG_WARN_STRICT_PROTOTYPES = YES;
				CLANG_WARN_SUSPICIOUS_MOVE = YES;
				CLANG_WARN_UNGUARDED_AVAILABILITY = YES_AGGRESSIVE;
				CLANG_WARN_UNREACHABLE_CODE = YES;
				CLANG_WARN__DUPLICATE_METHOD_MATCH = YES;
				CODE_SIGN_IDENTITY = "iPhone Developer";
				COPY_PHASE_STRIP = NO;
				DEBUG_INFORMATION_FORMAT = "dwarf-with-dsym";
				ENABLE_NS_ASSERTIONS = NO;
				ENABLE_STRICT_OBJC_MSGSEND = YES;
				GCC_C_LANGUAGE_STANDARD = gnu11;
				GCC_NO_COMMON_BLOCKS = YES;
				GCC_WARN_64_TO_32_BIT_CONVERSION = YES;
				GCC_WARN_ABOUT_RETURN_TYPE = YES_ERROR;
				GCC_WARN_UNDECLARED_SELECTOR = YES;
				GCC_WARN_UNINITIALIZED_AUTOS = YES_AGGRESSIVE;
				GCC_WARN_UNUSED_FUNCTION = YES;
				GCC_WARN_UNUSED_VARIABLE = YES;
				IPHONEOS_DEPLOYMENT_TARGET = 10.1;
				MTL_ENABLE_DEBUG_INFO = NO;
				MTL_FAST_MATH = YES;
				SDKROOT = iphoneos;
				SWIFT_COMPILATION_MODE = wholemodule;
				SWIFT_OPTIMIZATION_LEVEL = "-O";
				VALIDATE_PRODUCT = YES;
			};
			name = Release;
		};
		7D23DDFE21FF008C00955AB7 /* Debug */ = {
			isa = XCBuildConfiguration;
			buildSettings = {
				ASSETCATALOG_COMPILER_APPICON_NAME = AppIcon;
				CODE_SIGN_STYLE = Automatic;
				DEVELOPMENT_TEAM = "";
				INFOPLIST_FILE = TestTaskAlarStudios/Info.plist;
				LD_RUNPATH_SEARCH_PATHS = (
					"$(inherited)",
					"@executable_path/Frameworks",
				);
				PRODUCT_BUNDLE_IDENTIFIER = me.varton.TestTaskAlarStudios;
				PRODUCT_NAME = "$(TARGET_NAME)";
				SWIFT_VERSION = 4.2;
				TARGETED_DEVICE_FAMILY = "1,2";
			};
			name = Debug;
		};
		7D23DDFF21FF008C00955AB7 /* Release */ = {
			isa = XCBuildConfiguration;
			buildSettings = {
				ASSETCATALOG_COMPILER_APPICON_NAME = AppIcon;
				CODE_SIGN_STYLE = Automatic;
				DEVELOPMENT_TEAM = "";
				INFOPLIST_FILE = TestTaskAlarStudios/Info.plist;
				LD_RUNPATH_SEARCH_PATHS = (
					"$(inherited)",
					"@executable_path/Frameworks",
				);
				PRODUCT_BUNDLE_IDENTIFIER = me.varton.TestTaskAlarStudios;
				PRODUCT_NAME = "$(TARGET_NAME)";
				SWIFT_VERSION = 4.2;
				TARGETED_DEVICE_FAMILY = "1,2";
			};
			name = Release;
		};
		7D3D2570221BC9A800905C63 /* Debug */ = {
			isa = XCBuildConfiguration;
			buildSettings = {
				BUNDLE_LOADER = "$(TEST_HOST)";
				CODE_SIGN_STYLE = Automatic;
				DEVELOPMENT_TEAM = 87AVY78XJ5;
				INFOPLIST_FILE = TestTaskAlarStudiosTests/Info.plist;
				IPHONEOS_DEPLOYMENT_TARGET = 12.1;
				LD_RUNPATH_SEARCH_PATHS = (
					"$(inherited)",
					"@executable_path/Frameworks",
					"@loader_path/Frameworks",
				);
				PRODUCT_BUNDLE_IDENTIFIER = me.varton.TestTaskAlarStudiosTests;
				PRODUCT_NAME = "$(TARGET_NAME)";
				SWIFT_VERSION = 4.2;
				TARGETED_DEVICE_FAMILY = "1,2";
				TEST_HOST = "$(BUILT_PRODUCTS_DIR)/TestTaskAlarStudios.app/TestTaskAlarStudios";
			};
			name = Debug;
		};
		7D3D2571221BC9A800905C63 /* Release */ = {
			isa = XCBuildConfiguration;
			buildSettings = {
				BUNDLE_LOADER = "$(TEST_HOST)";
				CODE_SIGN_STYLE = Automatic;
				DEVELOPMENT_TEAM = 87AVY78XJ5;
				INFOPLIST_FILE = TestTaskAlarStudiosTests/Info.plist;
				IPHONEOS_DEPLOYMENT_TARGET = 12.1;
				LD_RUNPATH_SEARCH_PATHS = (
					"$(inherited)",
					"@executable_path/Frameworks",
					"@loader_path/Frameworks",
				);
				PRODUCT_BUNDLE_IDENTIFIER = me.varton.TestTaskAlarStudiosTests;
				PRODUCT_NAME = "$(TARGET_NAME)";
				SWIFT_VERSION = 4.2;
				TARGETED_DEVICE_FAMILY = "1,2";
				TEST_HOST = "$(BUILT_PRODUCTS_DIR)/TestTaskAlarStudios.app/TestTaskAlarStudios";
			};
			name = Release;
		};
/* End XCBuildConfiguration section */

/* Begin XCConfigurationList section */
		7D23DDE621FF008A00955AB7 /* Build configuration list for PBXProject "TestTaskAlarStudios" */ = {
			isa = XCConfigurationList;
			buildConfigurations = (
				7D23DDFB21FF008C00955AB7 /* Debug */,
				7D23DDFC21FF008C00955AB7 /* Release */,
			);
			defaultConfigurationIsVisible = 0;
			defaultConfigurationName = Release;
		};
		7D23DDFD21FF008C00955AB7 /* Build configuration list for PBXNativeTarget "TestTaskAlarStudios" */ = {
			isa = XCConfigurationList;
			buildConfigurations = (
				7D23DDFE21FF008C00955AB7 /* Debug */,
				7D23DDFF21FF008C00955AB7 /* Release */,
			);
			defaultConfigurationIsVisible = 0;
			defaultConfigurationName = Release;
		};
		7D3D2572221BC9A800905C63 /* Build configuration list for PBXNativeTarget "TestTaskAlarStudiosTests" */ = {
			isa = XCConfigurationList;
			buildConfigurations = (
				7D3D2570221BC9A800905C63 /* Debug */,
				7D3D2571221BC9A800905C63 /* Release */,
			);
			defaultConfigurationIsVisible = 0;
			defaultConfigurationName = Release;
		};
/* End XCConfigurationList section */
	};
	rootObject = 7D23DDE321FF008A00955AB7 /* Project object */;
}
